// !$*UTF8*$!
{
	archiveVersion = 1;
	classes = {
	};
	objectVersion = 46;
	objects = {

/* Begin PBXBuildFile section */
		27F7EA041AB860FD007B5631 /* main.m in Sources */ = {isa = PBXBuildFile; fileRef = 27F7EA031AB860FD007B5631 /* main.m */; };
		27F7EA071AB860FD007B5631 /* AppDelegate.m in Sources */ = {isa = PBXBuildFile; fileRef = 27F7EA061AB860FD007B5631 /* AppDelegate.m */; };
		27F7EA0A1AB860FD007B5631 /* ViewController.m in Sources */ = {isa = PBXBuildFile; fileRef = 27F7EA091AB860FD007B5631 /* ViewController.m */; };
		27F7EA0D1AB860FD007B5631 /* Main.storyboard in Resources */ = {isa = PBXBuildFile; fileRef = 27F7EA0B1AB860FD007B5631 /* Main.storyboard */; };
		27F7EA0F1AB860FD007B5631 /* Images.xcassets in Resources */ = {isa = PBXBuildFile; fileRef = 27F7EA0E1AB860FD007B5631 /* Images.xcassets */; };
		27F7EA121AB860FD007B5631 /* LaunchScreen.xib in Resources */ = {isa = PBXBuildFile; fileRef = 27F7EA101AB860FD007B5631 /* LaunchScreen.xib */; };
		27F7EA1E1AB860FD007B5631 /* SCBTests.m in Sources */ = {isa = PBXBuildFile; fileRef = 27F7EA1D1AB860FD007B5631 /* SCBTests.m */; };
/* End PBXBuildFile section */

/* Begin PBXContainerItemProxy section */
		27F7EA181AB860FD007B5631 /* PBXContainerItemProxy */ = {
			isa = PBXContainerItemProxy;
			containerPortal = 27F7E9F61AB860FD007B5631 /* Project object */;
			proxyType = 1;
			remoteGlobalIDString = 27F7E9FD1AB860FD007B5631;
			remoteInfo = SCB;
		};
/* End PBXContainerItemProxy section */

/* Begin PBXFileReference section */
		27F7E9FE1AB860FD007B5631 /* SCB.app */ = {isa = PBXFileReference; explicitFileType = wrapper.application; includeInIndex = 0; path = SCB.app; sourceTree = BUILT_PRODUCTS_DIR; };
		27F7EA021AB860FD007B5631 /* Info.plist */ = {isa = PBXFileReference; lastKnownFileType = text.plist.xml; path = Info.plist; sourceTree = "<group>"; };
		27F7EA031AB860FD007B5631 /* main.m */ = {isa = PBXFileReference; lastKnownFileType = sourcecode.c.objc; path = main.m; sourceTree = "<group>"; };
		27F7EA051AB860FD007B5631 /* AppDelegate.h */ = {isa = PBXFileReference; lastKnownFileType = sourcecode.c.h; path = AppDelegate.h; sourceTree = "<group>"; };
		27F7EA061AB860FD007B5631 /* AppDelegate.m */ = {isa = PBXFileReference; lastKnownFileType = sourcecode.c.objc; path = AppDelegate.m; sourceTree = "<group>"; };
		27F7EA081AB860FD007B5631 /* ViewController.h */ = {isa = PBXFileReference; lastKnownFileType = sourcecode.c.h; path = ViewController.h; sourceTree = "<group>"; };
		27F7EA091AB860FD007B5631 /* ViewController.m */ = {isa = PBXFileReference; lastKnownFileType = sourcecode.c.objc; path = ViewController.m; sourceTree = "<group>"; };
		27F7EA0C1AB860FD007B5631 /* Base */ = {isa = PBXFileReference; lastKnownFileType = file.storyboard; name = Base; path = Base.lproj/Main.storyboard; sourceTree = "<group>"; };
		27F7EA0E1AB860FD007B5631 /* Images.xcassets */ = {isa = PBXFileReference; lastKnownFileType = folder.assetcatalog; path = Images.xcassets; sourceTree = "<group>"; };
		27F7EA111AB860FD007B5631 /* Base */ = {isa = PBXFileReference; lastKnownFileType = file.xib; name = Base; path = Base.lproj/LaunchScreen.xib; sourceTree = "<group>"; };
		27F7EA171AB860FD007B5631 /* SCBTests.xctest */ = {isa = PBXFileReference; explicitFileType = wrapper.cfbundle; includeInIndex = 0; path = SCBTests.xctest; sourceTree = BUILT_PRODUCTS_DIR; };
		27F7EA1C1AB860FD007B5631 /* Info.plist */ = {isa = PBXFileReference; lastKnownFileType = text.plist.xml; path = Info.plist; sourceTree = "<group>"; };
		27F7EA1D1AB860FD007B5631 /* SCBTests.m */ = {isa = PBXFileReference; lastKnownFileType = sourcecode.c.objc; path = SCBTests.m; sourceTree = "<group>"; };
/* End PBXFileReference section */

/* Begin PBXFrameworksBuildPhase section */
		27F7E9FB1AB860FD007B5631 /* Frameworks */ = {
			isa = PBXFrameworksBuildPhase;
			buildActionMask = 2147483647;
			files = (
			);
			runOnlyForDeploymentPostprocessing = 0;
		};
		27F7EA141AB860FD007B5631 /* Frameworks */ = {
			isa = PBXFrameworksBuildPhase;
			buildActionMask = 2147483647;
			files = (
			);
			runOnlyForDeploymentPostprocessing = 0;
		};
/* End PBXFrameworksBuildPhase section */

/* Begin PBXGroup section */
		27F7E9F51AB860FD007B5631 = {
			isa = PBXGroup;
			children = (
				27F7EA001AB860FD007B5631 /* SCB */,
				27F7EA1A1AB860FD007B5631 /* SCBTests */,
				27F7E9FF1AB860FD007B5631 /* Products */,
			);
			sourceTree = "<group>";
		};
		27F7E9FF1AB860FD007B5631 /* Products */ = {
			isa = PBXGroup;
			children = (
				27F7E9FE1AB860FD007B5631 /* SCB.app */,
				27F7EA171AB860FD007B5631 /* SCBTests.xctest */,
			);
			name = Products;
			sourceTree = "<group>";
		};
		27F7EA001AB860FD007B5631 /* SCB */ = {
			isa = PBXGroup;
			children = (
				27F7EA051AB860FD007B5631 /* AppDelegate.h */,
				27F7EA061AB860FD007B5631 /* AppDelegate.m */,
				27F7EA081AB860FD007B5631 /* ViewController.h */,
				27F7EA091AB860FD007B5631 /* ViewController.m */,
				27F7EA0B1AB860FD007B5631 /* Main.storyboard */,
				27F7EA0E1AB860FD007B5631 /* Images.xcassets */,
				27F7EA101AB860FD007B5631 /* LaunchScreen.xib */,
				27F7EA011AB860FD007B5631 /* Supporting Files */,
			);
			path = SCB;
			sourceTree = "<group>";
		};
		27F7EA011AB860FD007B5631 /* Supporting Files */ = {
			isa = PBXGroup;
			children = (
				27F7EA021AB860FD007B5631 /* Info.plist */,
				27F7EA031AB860FD007B5631 /* main.m */,
			);
			name = "Supporting Files";
			sourceTree = "<group>";
		};
		27F7EA1A1AB860FD007B5631 /* SCBTests */ = {
			isa = PBXGroup;
			children = (
				27F7EA1D1AB860FD007B5631 /* SCBTests.m */,
				27F7EA1B1AB860FD007B5631 /* Supporting Files */,
			);
			path = SCBTests;
			sourceTree = "<group>";
		};
		27F7EA1B1AB860FD007B5631 /* Supporting Files */ = {
			isa = PBXGroup;
			children = (
				27F7EA1C1AB860FD007B5631 /* Info.plist */,
			);
			name = "Supporting Files";
			sourceTree = "<group>";
		};
/* End PBXGroup section */

/* Begin PBXNativeTarget section */
		27F7E9FD1AB860FD007B5631 /* SCB */ = {
			isa = PBXNativeTarget;
			buildConfigurationList = 27F7EA211AB860FD007B5631 /* Build configuration list for PBXNativeTarget "SCB" */;
			buildPhases = (
				27F7E9FA1AB860FD007B5631 /* Sources */,
				27F7E9FB1AB860FD007B5631 /* Frameworks */,
				27F7E9FC1AB860FD007B5631 /* Resources */,
			);
			buildRules = (
			);
			dependencies = (
			);
			name = SCB;
			productName = SCB;
			productReference = 27F7E9FE1AB860FD007B5631 /* SCB.app */;
			productType = "com.apple.product-type.application";
		};
		27F7EA161AB860FD007B5631 /* SCBTests */ = {
			isa = PBXNativeTarget;
			buildConfigurationList = 27F7EA241AB860FD007B5631 /* Build configuration list for PBXNativeTarget "SCBTests" */;
			buildPhases = (
				27F7EA131AB860FD007B5631 /* Sources */,
				27F7EA141AB860FD007B5631 /* Frameworks */,
				27F7EA151AB860FD007B5631 /* Resources */,
			);
			buildRules = (
			);
			dependencies = (
				27F7EA191AB860FD007B5631 /* PBXTargetDependency */,
			);
			name = SCBTests;
			productName = SCBTests;
			productReference = 27F7EA171AB860FD007B5631 /* SCBTests.xctest */;
			productType = "com.apple.product-type.bundle.unit-test";
		};
/* End PBXNativeTarget section */

/* Begin PBXProject section */
		27F7E9F61AB860FD007B5631 /* Project object */ = {
			isa = PBXProject;
			attributes = {
				LastUpgradeCheck = 0610;
				ORGANIZATIONNAME = idol_SR;
				TargetAttributes = {
					27F7E9FD1AB860FD007B5631 = {
						CreatedOnToolsVersion = 6.1.1;
					};
					27F7EA161AB860FD007B5631 = {
						CreatedOnToolsVersion = 6.1.1;
						TestTargetID = 27F7E9FD1AB860FD007B5631;
					};
				};
			};
			buildConfigurationList = 27F7E9F91AB860FD007B5631 /* Build configuration list for PBXProject "SCB" */;
			compatibilityVersion = "Xcode 3.2";
			developmentRegion = English;
			hasScannedForEncodings = 0;
			knownRegions = (
				en,
				Base,
			);
			mainGroup = 27F7E9F51AB860FD007B5631;
			productRefGroup = 27F7E9FF1AB860FD007B5631 /* Products */;
			projectDirPath = "";
			projectRoot = "";
			targets = (
				27F7E9FD1AB860FD007B5631 /* SCB */,
				27F7EA161AB860FD007B5631 /* SCBTests */,
			);
		};
/* End PBXProject section */

/* Begin PBXResourcesBuildPhase section */
		27F7E9FC1AB860FD007B5631 /* Resources */ = {
			isa = PBXResourcesBuildPhase;
			buildActionMask = 2147483647;
			files = (
				27F7EA0D1AB860FD007B5631 /* Main.storyboard in Resources */,
				27F7EA121AB860FD007B5631 /* LaunchScreen.xib in Resources */,
				27F7EA0F1AB860FD007B5631 /* Images.xcassets in Resources */,
			);
			runOnlyForDeploymentPostprocessing = 0;
		};
		27F7EA151AB860FD007B5631 /* Resources */ = {
			isa = PBXResourcesBuildPhase;
			buildActionMask = 2147483647;
			files = (
			);
			runOnlyForDeploymentPostprocessing = 0;
		};
/* End PBXResourcesBuildPhase section */

/* Begin PBXSourcesBuildPhase section */
		27F7E9FA1AB860FD007B5631 /* Sources */ = {
			isa = PBXSourcesBuildPhase;
			buildActionMask = 2147483647;
			files = (
				27F7EA0A1AB860FD007B5631 /* ViewController.m in Sources */,
				27F7EA071AB860FD007B5631 /* AppDelegate.m in Sources */,
				27F7EA041AB860FD007B5631 /* main.m in Sources */,
			);
			runOnlyForDeploymentPostprocessing = 0;
		};
		27F7EA131AB860FD007B5631 /* Sources */ = {
			isa = PBXSourcesBuildPhase;
			buildActionMask = 2147483647;
			files = (
				27F7EA1E1AB860FD007B5631 /* SCBTests.m in Sources */,
			);
			runOnlyForDeploymentPostprocessing = 0;
		};
/* End PBXSourcesBuildPhase section */

/* Begin PBXTargetDependency section */
		27F7EA191AB860FD007B5631 /* PBXTargetDependency */ = {
			isa = PBXTargetDependency;
			target = 27F7E9FD1AB860FD007B5631 /* SCB */;
			targetProxy = 27F7EA181AB860FD007B5631 /* PBXContainerItemProxy */;
		};
/* End PBXTargetDependency section */

/* Begin PBXVariantGroup section */
		27F7EA0B1AB860FD007B5631 /* Main.storyboard */ = {
			isa = PBXVariantGroup;
			children = (
				27F7EA0C1AB860FD007B5631 /* Base */,
			);
			name = Main.storyboard;
			sourceTree = "<group>";
		};
		27F7EA101AB860FD007B5631 /* LaunchScreen.xib */ = {
			isa = PBXVariantGroup;
			children = (
				27F7EA111AB860FD007B5631 /* Base */,
			);
			name = LaunchScreen.xib;
			sourceTree = "<group>";
		};
/* End PBXVariantGroup section */

/* Begin XCBuildConfiguration section */
		27F7EA1F1AB860FD007B5631 /* Debug */ = {
			isa = XCBuildConfiguration;
			buildSettings = {
				ALWAYS_SEARCH_USER_PATHS = NO;
				CLANG_CXX_LANGUAGE_STANDARD = "gnu++0x";
				CLANG_CXX_LIBRARY = "libc++";
				CLANG_ENABLE_MODULES = YES;
				CLANG_ENABLE_OBJC_ARC = YES;
				CLANG_WARN_BOOL_CONVERSION = YES;
				CLANG_WARN_CONSTANT_CONVERSION = YES;
				CLANG_WARN_DIRECT_OBJC_ISA_USAGE = YES_ERROR;
				CLANG_WARN_EMPTY_BODY = YES;
				CLANG_WARN_ENUM_CONVERSION = YES;
				CLANG_WARN_INT_CONVERSION = YES;
				CLANG_WARN_OBJC_ROOT_CLASS = YES_ERROR;
				CLANG_WARN_UNREACHABLE_CODE = YES;
				CLANG_WARN__DUPLICATE_METHOD_MATCH = YES;
				"CODE_SIGN_IDENTITY[sdk=iphoneos*]" = "iPhone Developer";
				COPY_PHASE_STRIP = NO;
				ENABLE_STRICT_OBJC_MSGSEND = YES;
				GCC_C_LANGUAGE_STANDARD = gnu99;
				GCC_DYNAMIC_NO_PIC = NO;
				GCC_OPTIMIZATION_LEVEL = 0;
				GCC_PREPROCESSOR_DEFINITIONS = (
					"DEBUG=1",
					"$(inherited)",
				);
				GCC_SYMBOLS_PRIVATE_EXTERN = NO;
				GCC_WARN_64_TO_32_BIT_CONVERSION = YES;
				GCC_WARN_ABOUT_RETURN_TYPE = YES_ERROR;
				GCC_WARN_UNDECLARED_SELECTOR = YES;
				GCC_WARN_UNINITIALIZED_AUTOS = YES_AGGRESSIVE;
				GCC_WARN_UNUSED_FUNCTION = YES;
				GCC_WARN_UNUSED_VARIABLE = YES;
				IPHONEOS_DEPLOYMENT_TARGET = 8.1;
				MTL_ENABLE_DEBUG_INFO = YES;
				ONLY_ACTIVE_ARCH = YES;
				SDKROOT = iphoneos;
				TARGETED_DEVICE_FAMILY = "1,2";
			};
			name = Debug;
		};
		27F7EA201AB860FD007B5631 /* Release */ = {
			isa = XCBuildConfiguration;
			buildSettings = {
				ALWAYS_SEARCH_USER_PATHS = NO;
				CLANG_CXX_LANGUAGE_STANDARD = "gnu++0x";
				CLANG_CXX_LIBRARY = "libc++";
				CLANG_ENABLE_MODULES = YES;
				CLANG_ENABLE_OBJC_ARC = YES;
				CLANG_WARN_BOOL_CONVERSION = YES;
				CLANG_WARN_CONSTANT_CONVERSION = YES;
				CLANG_WARN_DIRECT_OBJC_ISA_USAGE = YES_ERROR;
				CLANG_WARN_EMPTY_BODY = YES;
				CLANG_WARN_ENUM_CONVERSION = YES;
				CLANG_WARN_INT_CONVERSION = YES;
				CLANG_WARN_OBJC_ROOT_CLASS = YES_ERROR;
				CLANG_WARN_UNREACHABLE_CODE = YES;
				CLANG_WARN__DUPLICATE_METHOD_MATCH = YES;
				"CODE_SIGN_IDENTITY[sdk=iphoneos*]" = "iPhone Developer";
				COPY_PHASE_STRIP = YES;
				ENABLE_NS_ASSERTIONS = NO;
				ENABLE_STRICT_OBJC_MSGSEND = YES;
				GCC_C_LANGUAGE_STANDARD = gnu99;
				GCC_WARN_64_TO_32_BIT_CONVERSION = YES;
				GCC_WARN_ABOUT_RETURN_TYPE = YES_ERROR;
				GCC_WARN_UNDECLARED_SELECTOR = YES;
				GCC_WARN_UNINITIALIZED_AUTOS = YES_AGGRESSIVE;
				GCC_WARN_UNUSED_FUNCTION = YES;
				GCC_WARN_UNUSED_VARIABLE = YES;
				IPHONEOS_DEPLOYMENT_TARGET = 8.1;
				MTL_ENABLE_DEBUG_INFO = NO;
				SDKROOT = iphoneos;
				TARGETED_DEVICE_FAMILY = "1,2";
				VALIDATE_PRODUCT = YES;
			};
			name = Release;
		};
		27F7EA221AB860FD007B5631 /* Debug */ = {
			isa = XCBuildConfiguration;
			buildSettings = {
				ASSETCATALOG_COMPILER_APPICON_NAME = AppIcon;
				INFOPLIST_FILE = SCB/Info.plist;
				LD_RUNPATH_SEARCH_PATHS = "$(inherited) @executable_path/Frameworks";
				PRODUCT_NAME = "$(TARGET_NAME)";
			};
			name = Debug;
		};
		27F7EA231AB860FD007B5631 /* Release */ = {
			isa = XCBuildConfiguration;
			buildSettings = {
				ASSETCATALOG_COMPILER_APPICON_NAME = AppIcon;
				INFOPLIST_FILE = SCB/Info.plist;
				LD_RUNPATH_SEARCH_PATHS = "$(inherited) @executable_path/Frameworks";
				PRODUCT_NAME = "$(TARGET_NAME)";
			};
			name = Release;
		};
		27F7EA251AB860FD007B5631 /* Debug */ = {
			isa = XCBuildConfiguration;
			buildSettings = {
				BUNDLE_LOADER = "$(TEST_HOST)";
				FRAMEWORK_SEARCH_PATHS = (
					"$(SDKROOT)/Developer/Library/Frameworks",
					"$(inherited)",
				);
				GCC_PREPROCESSOR_DEFINITIONS = (
					"DEBUG=1",
					"$(inherited)",
				);
				INFOPLIST_FILE = SCBTests/Info.plist;
				LD_RUNPATH_SEARCH_PATHS = "$(inherited) @executable_path/Frameworks @loader_path/Frameworks";
				PRODUCT_NAME = "$(TARGET_NAME)";
				TEST_HOST = "$(BUILT_PRODUCTS_DIR)/SCB.app/SCB";
			};
			name = Debug;
		};
		27F7EA261AB860FD007B5631 /* Release */ = {
			isa = XCBuildConfiguration;
			buildSettings = {
				BUNDLE_LOADER = "$(TEST_HOST)";
				FRAMEWORK_SEARCH_PATHS = (
					"$(SDKROOT)/Developer/Library/Frameworks",
					"$(inherited)",
				);
				INFOPLIST_FILE = SCBTests/Info.plist;
				LD_RUNPATH_SEARCH_PATHS = "$(inherited) @executable_path/Frameworks @loader_path/Frameworks";
				PRODUCT_NAME = "$(TARGET_NAME)";
				TEST_HOST = "$(BUILT_PRODUCTS_DIR)/SCB.app/SCB";
			};
			name = Release;
		};
/* End XCBuildConfiguration section */

/* Begin XCConfigurationList section */
		27F7E9F91AB860FD007B5631 /* Build configuration list for PBXProject "SCB" */ = {
			isa = XCConfigurationList;
			buildConfigurations = (
				27F7EA1F1AB860FD007B5631 /* Debug */,
				27F7EA201AB860FD007B5631 /* Release */,
			);
			defaultConfigurationIsVisible = 0;
			defaultConfigurationName = Release;
		};
		27F7EA211AB860FD007B5631 /* Build configuration list for PBXNativeTarget "SCB" */ = {
			isa = XCConfigurationList;
			buildConfigurations = (
				27F7EA221AB860FD007B5631 /* Debug */,
				27F7EA231AB860FD007B5631 /* Release */,
			);
			defaultConfigurationIsVisible = 0;
		};
		27F7EA241AB860FD007B5631 /* Build configuration list for PBXNativeTarget "SCBTests" */ = {
			isa = XCConfigurationList;
			buildConfigurations = (
				27F7EA251AB860FD007B5631 /* Debug */,
				27F7EA261AB860FD007B5631 /* Release */,
			);
			defaultConfigurationIsVisible = 0;
		};
/* End XCConfigurationList section */
	};
	rootObject = 27F7E9F61AB860FD007B5631 /* Project object */;
}
